
Microsoft Visual Studio Solution File, Format Version 12.00
# Visual Studio Version 16
VisualStudioVersion = 16.0.29613.14
MinimumVisualStudioVersion = 10.0.40219.1
Project("{FAE04EC0-301F-11D3-BF4B-00C04F79EFBC}") = "BacaratShabuShabu.Web", "BacaratShabuShabu.Web\BacaratShabuShabu.Web.csproj", "{729528FC-B257-4E21-B840-12098F58D520}"
EndProject
Project("{FAE04EC0-301F-11D3-BF4B-00C04F79EFBC}") = "BacaratShabuShabu.Data", "BacaratShabuShabu.Data\BacaratShabuShabu.Data.csproj", "{661F1705-F3D2-4814-AC53-D745F9845C2D}"
EndProject
Global
	GlobalSection(SolutionConfigurationPlatforms) = preSolution
		Debug|Any CPU = Debug|Any CPU
		Release|Any CPU = Release|Any CPU
	EndGlobalSection
	GlobalSection(ProjectConfigurationPlatforms) = postSolution
		{729528FC-B257-4E21-B840-12098F58D520}.Debug|Any CPU.ActiveCfg = Debug|Any CPU
		{729528FC-B257-4E21-B840-12098F58D520}.Debug|Any CPU.Build.0 = Debug|Any CPU
		{729528FC-B257-4E21-B840-12098F58D520}.Release|Any CPU.ActiveCfg = Release|Any CPU
		{729528FC-B257-4E21-B840-12098F58D520}.Release|Any CPU.Build.0 = Release|Any CPU
		{661F1705-F3D2-4814-AC53-D745F9845C2D}.Debug|Any CPU.ActiveCfg = Debug|Any CPU
		{661F1705-F3D2-4814-AC53-D745F9845C2D}.Debug|Any CPU.Build.0 = Debug|Any CPU
		{661F1705-F3D2-4814-AC53-D745F9845C2D}.Release|Any CPU.ActiveCfg = Release|Any CPU
		{661F1705-F3D2-4814-AC53-D745F9845C2D}.Release|Any CPU.Build.0 = Release|Any CPU
	EndGlobalSection
	GlobalSection(SolutionProperties) = preSolution
		HideSolutionNode = FALSE
	EndGlobalSection
	GlobalSection(ExtensibilityGlobals) = postSolution
		SolutionGuid = {8151881B-0F58-48B1-AD57-A4153A357827}
	EndGlobalSection
EndGlobal
